
Microsoft Visual Studio Solution File, Format Version 12.00
# Visual Studio Version 17
VisualStudioVersion = 17.5.33502.453
MinimumVisualStudioVersion = 10.0.40219.1
Project("{9A19103F-16F7-4668-BE54-9A1E7A4F7556}") = "PictureViewer", "PictureViewer\PictureViewer.csproj", "{57AE18BA-F98E-492A-89FA-3A41C2669C00}"
EndProject
Project("{9A19103F-16F7-4668-BE54-9A1E7A4F7556}") = "MathQuiz", "MathQuiz\MathQuiz.csproj", "{7BC47963-2FC4-4D08-A234-46DAFA01A382}"
EndProject
Project("{FAE04EC0-301F-11D3-BF4B-00C04F79EFBC}") = "MatchingGame", "MatchingGame\MatchingGame.csproj", "{F0536DA7-C40A-4021-80F9-834064A00050}"
EndProject
Global
	GlobalSection(SolutionConfigurationPlatforms) = preSolution
		Debug|Any CPU = Debug|Any CPU
		Release|Any CPU = Release|Any CPU
	EndGlobalSection
	GlobalSection(ProjectConfigurationPlatforms) = postSolution
		{57AE18BA-F98E-492A-89FA-3A41C2669C00}.Debug|Any CPU.ActiveCfg = Debug|Any CPU
		{57AE18BA-F98E-492A-89FA-3A41C2669C00}.Debug|Any CPU.Build.0 = Debug|Any CPU
		{57AE18BA-F98E-492A-89FA-3A41C2669C00}.Release|Any CPU.ActiveCfg = Release|Any CPU
		{57AE18BA-F98E-492A-89FA-3A41C2669C00}.Release|Any CPU.Build.0 = Release|Any CPU
		{7BC47963-2FC4-4D08-A234-46DAFA01A382}.Debug|Any CPU.ActiveCfg = Debug|Any CPU
		{7BC47963-2FC4-4D08-A234-46DAFA01A382}.Debug|Any CPU.Build.0 = Debug|Any CPU
		{7BC47963-2FC4-4D08-A234-46DAFA01A382}.Release|Any CPU.ActiveCfg = Release|Any CPU
		{7BC47963-2FC4-4D08-A234-46DAFA01A382}.Release|Any CPU.Build.0 = Release|Any CPU
		{F0536DA7-C40A-4021-80F9-834064A00050}.Debug|Any CPU.ActiveCfg = Debug|Any CPU
		{F0536DA7-C40A-4021-80F9-834064A00050}.Debug|Any CPU.Build.0 = Debug|Any CPU
		{F0536DA7-C40A-4021-80F9-834064A00050}.Release|Any CPU.ActiveCfg = Release|Any CPU
		{F0536DA7-C40A-4021-80F9-834064A00050}.Release|Any CPU.Build.0 = Release|Any CPU
	EndGlobalSection
	GlobalSection(SolutionProperties) = preSolution
		HideSolutionNode = FALSE
	EndGlobalSection
	GlobalSection(ExtensibilityGlobals) = postSolution
		SolutionGuid = {ACBA6C93-40EA-47E1-ACA0-533B3EF63706}
	EndGlobalSection
EndGlobal
