
Microsoft Visual Studio Solution File, Format Version 12.00
# Visual Studio Version 17
VisualStudioVersion = 17.5.33502.453
MinimumVisualStudioVersion = 10.0.40219.1
Project("{FAE04EC0-301F-11D3-BF4B-00C04F79EFBC}") = "WritingFunctions", "WritingFunctions\WritingFunctions.csproj", "{FA6E0E45-8B02-4172-AC49-867A95876701}"
EndProject
Project("{FAE04EC0-301F-11D3-BF4B-00C04F79EFBC}") = "Excercises", "Excercises\Excercises.csproj", "{22C3CD3C-1CD4-4ACF-B599-92C637DB38DE}"
EndProject
Global
	GlobalSection(SolutionConfigurationPlatforms) = preSolution
		Debug|Any CPU = Debug|Any CPU
		Release|Any CPU = Release|Any CPU
	EndGlobalSection
	GlobalSection(ProjectConfigurationPlatforms) = postSolution
		{FA6E0E45-8B02-4172-AC49-867A95876701}.Debug|Any CPU.ActiveCfg = Debug|Any CPU
		{FA6E0E45-8B02-4172-AC49-867A95876701}.Debug|Any CPU.Build.0 = Debug|Any CPU
		{FA6E0E45-8B02-4172-AC49-867A95876701}.Release|Any CPU.ActiveCfg = Release|Any CPU
		{FA6E0E45-8B02-4172-AC49-867A95876701}.Release|Any CPU.Build.0 = Release|Any CPU
		{22C3CD3C-1CD4-4ACF-B599-92C637DB38DE}.Debug|Any CPU.ActiveCfg = Debug|Any CPU
		{22C3CD3C-1CD4-4ACF-B599-92C637DB38DE}.Debug|Any CPU.Build.0 = Debug|Any CPU
		{22C3CD3C-1CD4-4ACF-B599-92C637DB38DE}.Release|Any CPU.ActiveCfg = Release|Any CPU
		{22C3CD3C-1CD4-4ACF-B599-92C637DB38DE}.Release|Any CPU.Build.0 = Release|Any CPU
	EndGlobalSection
	GlobalSection(SolutionProperties) = preSolution
		HideSolutionNode = FALSE
	EndGlobalSection
	GlobalSection(ExtensibilityGlobals) = postSolution
		SolutionGuid = {41A80273-86C8-4591-A342-697740C96C91}
	EndGlobalSection
EndGlobal
