
Microsoft Visual Studio Solution File, Format Version 12.00
# Visual Studio Version 17
VisualStudioVersion = 17.5.33502.453
MinimumVisualStudioVersion = 10.0.40219.1
Project("{9A19103F-16F7-4668-BE54-9A1E7A4F7556}") = "Northwind.Common.EntityModels.Sqlite", "Northwind.Common.EntityModels.Sqlite\Northwind.Common.EntityModels.Sqlite.csproj", "{B737E05C-4E0A-4EE4-90BD-B63C4F9C03CE}"
EndProject
Project("{FAE04EC0-301F-11D3-BF4B-00C04F79EFBC}") = "Northwind.Common.DataContext.Sqlite", "Northwind.Common.DataContext.Sqlite\Northwind.Common.DataContext.Sqlite.csproj", "{95EC3FA0-0766-42C6-9A60-80166BAE21E7}"
EndProject
Global
	GlobalSection(SolutionConfigurationPlatforms) = preSolution
		Debug|Any CPU = Debug|Any CPU
		Release|Any CPU = Release|Any CPU
	EndGlobalSection
	GlobalSection(ProjectConfigurationPlatforms) = postSolution
		{B737E05C-4E0A-4EE4-90BD-B63C4F9C03CE}.Debug|Any CPU.ActiveCfg = Debug|Any CPU
		{B737E05C-4E0A-4EE4-90BD-B63C4F9C03CE}.Debug|Any CPU.Build.0 = Debug|Any CPU
		{B737E05C-4E0A-4EE4-90BD-B63C4F9C03CE}.Release|Any CPU.ActiveCfg = Release|Any CPU
		{B737E05C-4E0A-4EE4-90BD-B63C4F9C03CE}.Release|Any CPU.Build.0 = Release|Any CPU
		{95EC3FA0-0766-42C6-9A60-80166BAE21E7}.Debug|Any CPU.ActiveCfg = Debug|Any CPU
		{95EC3FA0-0766-42C6-9A60-80166BAE21E7}.Debug|Any CPU.Build.0 = Debug|Any CPU
		{95EC3FA0-0766-42C6-9A60-80166BAE21E7}.Release|Any CPU.ActiveCfg = Release|Any CPU
		{95EC3FA0-0766-42C6-9A60-80166BAE21E7}.Release|Any CPU.Build.0 = Release|Any CPU
	EndGlobalSection
	GlobalSection(SolutionProperties) = preSolution
		HideSolutionNode = FALSE
	EndGlobalSection
	GlobalSection(ExtensibilityGlobals) = postSolution
		SolutionGuid = {FD40C3B2-22D3-4D75-BE38-2331C33BF938}
	EndGlobalSection
EndGlobal
